{
    "_readme": [
        "This file locks the dependencies of your project to a known state",
        "Read more about it at https://getcomposer.org/doc/01-basic-usage.md#installing-dependencies",
        "This file is @generated automatically"
    ],
    "content-hash": "e316d415f3ea18dd013d17e33e650cd1",
    "packages": [
        {
            "name": "9raxdev/mysql-struct-sync",
            "version": "1.0.1",
            "source": {
                "type": "git",
                "url": "https://github.com/9raxdev/mysql-struct-sync.git",
                "reference": "f9f7c57f3c10fe1c11ced0a85d02e91dc1b633bd"
            },
            "dist": {
                "type": "zip",
                "url": "https://mirrors.huaweicloud.com/repository/php/9raxdev/mysql-struct-sync/1.0.1/9raxdev-mysql-struct-sync-1.0.1.zip",
                "reference": "f9f7c57f3c10fe1c11ced0a85d02e91dc1b633bd",
                "shasum": ""
            },
            "require": {
                "ext-mysqli": "*",
                "php": ">=5.4.0"
            },
            "type": "library",
            "autoload": {
                "files": [
                    "MysqlStructSync.php"
                ]
            },
            "authors": [
                {
                    "name": "linge",
                    "email": "9rax.dev@gmail.com"
                }
            ],
            "description": "可用于帮助开发人员比较两个数据库之间的差异(表,列,约束,事件,函数,存储过程,触发器,视图),并生成更新语句。Can be used to synchronize database structures, compare differences(table,column,constraints,events,functions,procedures,triggers,views) between databases and generating queries.",
            "time": "2019-08-30T11:55:28+00:00"
        },
        {
            "name": "helgesverre/libui",
            "version": "v0.7.1",
            "dist": {
                "type": "zip",
                "url": "https://mirrors.cloud.tencent.com/repository/composer/helgesverre/libui/v0.7.1/helgesverre-libui-v0.7.1.zip",
                "reference": "0fb77374d01b3d2423b9018225cdfe049d28a538",
                "shasum": ""
            },
            "require": {
                "ext-ffi": "*",
                "php": ">=8.5"
            },
            "require-dev": {
                "carthage-software/mago": "^1.30",
                "phpstan/phpstan": "^2.0",
                "phpunit/phpunit": "^13.2"
            },
            "type": "library",
            "autoload": {
                "psr-4": {
                    "Libui\\": "src/"
                }
            },
            "license": [
                "MIT"
            ],
            "authors": [
                {
                    "name": "Helge Sverre",
                    "email": "helge.sverre@gmail.com",
                    "homepage": "https://helgesver.re",
                    "role": "Developer"
                }
            ],
            "description": "Native desktop GUI for PHP 8.5+ via libui-ng and FFI.",
            "keywords": [
                "cross-platform",
                "desktop",
                "ffi",
                "gui",
                "libui",
                "native"
            ],
            "support": {
                "issues": "https://github.com/HelgeSverre/libui/issues",
                "source": "https://github.com/HelgeSverre/libui/tree/v0.7.1"
            },
            "time": "2026-06-23T13:19:15+00:00"
        }
    ],
    "packages-dev": [],
    "aliases": [],
    "minimum-stability": "stable",
    "stability-flags": {},
    "prefer-stable": false,
    "prefer-lowest": false,
    "platform": {
        "php": ">=8.5",
        "ext-pdo": "*",
        "ext-openssl": "*",
        "ext-ffi": "*"
    },
    "platform-dev": {},
    "plugin-api-version": "2.9.0"
}
